// !$*UTF8*$!
{
	archiveVersion = 1;
	classes = {
	};
	objectVersion = 50;
	objects = {

/* Begin PBXBuildFile section */
		F80A6DF32243923700A7CEF0 /* CodableJSON.framework in Frameworks */ = {isa = PBXBuildFile; fileRef = F80A6DEA2243923600A7CEF0 /* CodableJSON.framework */; };
		F80A6E012243924000A7CEF0 /* JSONTests.swift in Sources */ = {isa = PBXBuildFile; fileRef = F883AF3221CD997C0002D830 /* JSONTests.swift */; };
		F80A6E022243924600A7CEF0 /* JSON.swift in Sources */ = {isa = PBXBuildFile; fileRef = F883AF2E21CD98DD0002D830 /* JSON.swift */; };
		F80A6E112243925600A7CEF0 /* CodableJSON.framework in Frameworks */ = {isa = PBXBuildFile; fileRef = F80A6E082243925600A7CEF0 /* CodableJSON.framework */; };
		F80A6E1F2243925E00A7CEF0 /* JSONTests.swift in Sources */ = {isa = PBXBuildFile; fileRef = F883AF3221CD997C0002D830 /* JSONTests.swift */; };
		F80A6E202243926300A7CEF0 /* JSON.swift in Sources */ = {isa = PBXBuildFile; fileRef = F883AF2E21CD98DD0002D830 /* JSON.swift */; };
		F80A6E2E2243927800A7CEF0 /* JSON.swift in Sources */ = {isa = PBXBuildFile; fileRef = F883AF2E21CD98DD0002D830 /* JSON.swift */; };
		F81F5606224A5B1A00375CE5 /* CodableJSON.h in Headers */ = {isa = PBXBuildFile; fileRef = F883AF1721CD98BB0002D830 /* CodableJSON.h */; settings = {ATTRIBUTES = (Public, ); }; };
		F81F5607224A5B1B00375CE5 /* CodableJSON.h in Headers */ = {isa = PBXBuildFile; fileRef = F883AF1721CD98BB0002D830 /* CodableJSON.h */; settings = {ATTRIBUTES = (Public, ); }; };
		F81F5608224A5B1C00375CE5 /* CodableJSON.h in Headers */ = {isa = PBXBuildFile; fileRef = F883AF1721CD98BB0002D830 /* CodableJSON.h */; settings = {ATTRIBUTES = (Public, ); }; };
		F883AF1E21CD98BB0002D830 /* CodableJSON.framework in Frameworks */ = {isa = PBXBuildFile; fileRef = F883AF1421CD98BB0002D830 /* CodableJSON.framework */; };
		F883AF2521CD98BB0002D830 /* CodableJSON.h in Headers */ = {isa = PBXBuildFile; fileRef = F883AF1721CD98BB0002D830 /* CodableJSON.h */; settings = {ATTRIBUTES = (Public, ); }; };
		F883AF2F21CD98DE0002D830 /* JSON.swift in Sources */ = {isa = PBXBuildFile; fileRef = F883AF2E21CD98DD0002D830 /* JSON.swift */; };
		F883AF3321CD997C0002D830 /* JSONTests.swift in Sources */ = {isa = PBXBuildFile; fileRef = F883AF3221CD997C0002D830 /* JSONTests.swift */; };
/* End PBXBuildFile section */

/* Begin PBXContainerItemProxy section */
		F80A6DF42243923700A7CEF0 /* PBXContainerItemProxy */ = {
			isa = PBXContainerItemProxy;
			containerPortal = F883AF0B21CD98BB0002D830 /* Project object */;
			proxyType = 1;
			remoteGlobalIDString = F80A6DE92243923600A7CEF0;
			remoteInfo = "CodableJSON-iOS";
		};
		F80A6E122243925600A7CEF0 /* PBXContainerItemProxy */ = {
			isa = PBXContainerItemProxy;
			containerPortal = F883AF0B21CD98BB0002D830 /* Project object */;
			proxyType = 1;
			remoteGlobalIDString = F80A6E072243925600A7CEF0;
			remoteInfo = "CodableJSON-tvOS";
		};
		F883AF1F21CD98BB0002D830 /* PBXContainerItemProxy */ = {
			isa = PBXContainerItemProxy;
			containerPortal = F883AF0B21CD98BB0002D830 /* Project object */;
			proxyType = 1;
			remoteGlobalIDString = F883AF1321CD98BB0002D830;
			remoteInfo = CodableJSON;
		};
/* End PBXContainerItemProxy section */

/* Begin PBXFileReference section */
		F80A6DEA2243923600A7CEF0 /* CodableJSON.framework */ = {isa = PBXFileReference; explicitFileType = wrapper.framework; includeInIndex = 0; path = CodableJSON.framework; sourceTree = BUILT_PRODUCTS_DIR; };
		F80A6DED2243923700A7CEF0 /* Info.plist */ = {isa = PBXFileReference; lastKnownFileType = text.plist.xml; path = Info.plist; sourceTree = "<group>"; };
		F80A6DF22243923700A7CEF0 /* CodableJSON-iOSTests.xctest */ = {isa = PBXFileReference; explicitFileType = wrapper.cfbundle; includeInIndex = 0; path = "CodableJSON-iOSTests.xctest"; sourceTree = BUILT_PRODUCTS_DIR; };
		F80A6DF92243923700A7CEF0 /* Info.plist */ = {isa = PBXFileReference; lastKnownFileType = text.plist.xml; path = Info.plist; sourceTree = "<group>"; };
		F80A6E082243925600A7CEF0 /* CodableJSON.framework */ = {isa = PBXFileReference; explicitFileType = wrapper.framework; includeInIndex = 0; path = CodableJSON.framework; sourceTree = BUILT_PRODUCTS_DIR; };
		F80A6E0B2243925600A7CEF0 /* Info.plist */ = {isa = PBXFileReference; lastKnownFileType = text.plist.xml; path = Info.plist; sourceTree = "<group>"; };
		F80A6E102243925600A7CEF0 /* CodableJSON-tvOSTests.xctest */ = {isa = PBXFileReference; explicitFileType = wrapper.cfbundle; includeInIndex = 0; path = "CodableJSON-tvOSTests.xctest"; sourceTree = BUILT_PRODUCTS_DIR; };
		F80A6E172243925700A7CEF0 /* Info.plist */ = {isa = PBXFileReference; lastKnownFileType = text.plist.xml; path = Info.plist; sourceTree = "<group>"; };
		F80A6E262243927000A7CEF0 /* CodableJSON.framework */ = {isa = PBXFileReference; explicitFileType = wrapper.framework; includeInIndex = 0; path = CodableJSON.framework; sourceTree = BUILT_PRODUCTS_DIR; };
		F80A6E292243927000A7CEF0 /* Info.plist */ = {isa = PBXFileReference; lastKnownFileType = text.plist.xml; path = Info.plist; sourceTree = "<group>"; };
		F883AF1421CD98BB0002D830 /* CodableJSON.framework */ = {isa = PBXFileReference; explicitFileType = wrapper.framework; includeInIndex = 0; path = CodableJSON.framework; sourceTree = BUILT_PRODUCTS_DIR; };
		F883AF1721CD98BB0002D830 /* CodableJSON.h */ = {isa = PBXFileReference; lastKnownFileType = sourcecode.c.h; path = CodableJSON.h; sourceTree = "<group>"; };
		F883AF1821CD98BB0002D830 /* Info.plist */ = {isa = PBXFileReference; lastKnownFileType = text.plist.xml; path = Info.plist; sourceTree = "<group>"; };
		F883AF1D21CD98BB0002D830 /* CodableJSONTests.xctest */ = {isa = PBXFileReference; explicitFileType = wrapper.cfbundle; includeInIndex = 0; path = CodableJSONTests.xctest; sourceTree = BUILT_PRODUCTS_DIR; };
		F883AF2421CD98BB0002D830 /* Info.plist */ = {isa = PBXFileReference; lastKnownFileType = text.plist.xml; path = Info.plist; sourceTree = "<group>"; };
		F883AF2E21CD98DD0002D830 /* JSON.swift */ = {isa = PBXFileReference; fileEncoding = 4; lastKnownFileType = sourcecode.swift; path = JSON.swift; sourceTree = "<group>"; };
		F883AF3221CD997C0002D830 /* JSONTests.swift */ = {isa = PBXFileReference; lastKnownFileType = sourcecode.swift; path = JSONTests.swift; sourceTree = "<group>"; };
/* End PBXFileReference section */

/* Begin PBXFrameworksBuildPhase section */
		F80A6DE72243923600A7CEF0 /* Frameworks */ = {
			isa = PBXFrameworksBuildPhase;
			buildActionMask = 2147483647;
			files = (
			);
			runOnlyForDeploymentPostprocessing = 0;
		};
		F80A6DEF2243923700A7CEF0 /* Frameworks */ = {
			isa = PBXFrameworksBuildPhase;
			buildActionMask = 2147483647;
			files = (
				F80A6DF32243923700A7CEF0 /* CodableJSON.framework in Frameworks */,
			);
			runOnlyForDeploymentPostprocessing = 0;
		};
		F80A6E052243925600A7CEF0 /* Frameworks */ = {
			isa = PBXFrameworksBuildPhase;
			buildActionMask = 2147483647;
			files = (
			);
			runOnlyForDeploymentPostprocessing = 0;
		};
		F80A6E0D2243925600A7CEF0 /* Frameworks */ = {
			isa = PBXFrameworksBuildPhase;
			buildActionMask = 2147483647;
			files = (
				F80A6E112243925600A7CEF0 /* CodableJSON.framework in Frameworks */,
			);
			runOnlyForDeploymentPostprocessing = 0;
		};
		F80A6E232243927000A7CEF0 /* Frameworks */ = {
			isa = PBXFrameworksBuildPhase;
			buildActionMask = 2147483647;
			files = (
			);
			runOnlyForDeploymentPostprocessing = 0;
		};
		F883AF1121CD98BB0002D830 /* Frameworks */ = {
			isa = PBXFrameworksBuildPhase;
			buildActionMask = 2147483647;
			files = (
			);
			runOnlyForDeploymentPostprocessing = 0;
		};
		F883AF1A21CD98BB0002D830 /* Frameworks */ = {
			isa = PBXFrameworksBuildPhase;
			buildActionMask = 2147483647;
			files = (
				F883AF1E21CD98BB0002D830 /* CodableJSON.framework in Frameworks */,
			);
			runOnlyForDeploymentPostprocessing = 0;
		};
/* End PBXFrameworksBuildPhase section */

/* Begin PBXGroup section */
		F80A6DEB2243923700A7CEF0 /* CodableJSON-iOS */ = {
			isa = PBXGroup;
			children = (
				F80A6DED2243923700A7CEF0 /* Info.plist */,
			);
			path = "CodableJSON-iOS";
			sourceTree = "<group>";
		};
		F80A6DF62243923700A7CEF0 /* CodableJSON-iOSTests */ = {
			isa = PBXGroup;
			children = (
				F80A6DF92243923700A7CEF0 /* Info.plist */,
			);
			path = "CodableJSON-iOSTests";
			sourceTree = "<group>";
		};
		F80A6E092243925600A7CEF0 /* CodableJSON-tvOS */ = {
			isa = PBXGroup;
			children = (
				F80A6E0B2243925600A7CEF0 /* Info.plist */,
			);
			path = "CodableJSON-tvOS";
			sourceTree = "<group>";
		};
		F80A6E142243925600A7CEF0 /* CodableJSON-tvOSTests */ = {
			isa = PBXGroup;
			children = (
				F80A6E172243925700A7CEF0 /* Info.plist */,
			);
			path = "CodableJSON-tvOSTests";
			sourceTree = "<group>";
		};
		F80A6E272243927000A7CEF0 /* CodableJSON-watchOS */ = {
			isa = PBXGroup;
			children = (
				F80A6E292243927000A7CEF0 /* Info.plist */,
			);
			path = "CodableJSON-watchOS";
			sourceTree = "<group>";
		};
		F883AF0A21CD98BB0002D830 = {
			isa = PBXGroup;
			children = (
				F883AF1621CD98BB0002D830 /* CodableJSON */,
				F883AF2121CD98BB0002D830 /* CodableJSONTests */,
				F80A6DEB2243923700A7CEF0 /* CodableJSON-iOS */,
				F80A6DF62243923700A7CEF0 /* CodableJSON-iOSTests */,
				F80A6E092243925600A7CEF0 /* CodableJSON-tvOS */,
				F80A6E142243925600A7CEF0 /* CodableJSON-tvOSTests */,
				F80A6E272243927000A7CEF0 /* CodableJSON-watchOS */,
				F883AF1521CD98BB0002D830 /* Products */,
			);
			sourceTree = "<group>";
		};
		F883AF1521CD98BB0002D830 /* Products */ = {
			isa = PBXGroup;
			children = (
				F883AF1421CD98BB0002D830 /* CodableJSON.framework */,
				F883AF1D21CD98BB0002D830 /* CodableJSONTests.xctest */,
				F80A6DEA2243923600A7CEF0 /* CodableJSON.framework */,
				F80A6DF22243923700A7CEF0 /* CodableJSON-iOSTests.xctest */,
				F80A6E082243925600A7CEF0 /* CodableJSON.framework */,
				F80A6E102243925600A7CEF0 /* CodableJSON-tvOSTests.xctest */,
				F80A6E262243927000A7CEF0 /* CodableJSON.framework */,
			);
			name = Products;
			sourceTree = "<group>";
		};
		F883AF1621CD98BB0002D830 /* CodableJSON */ = {
			isa = PBXGroup;
			children = (
				F883AF2E21CD98DD0002D830 /* JSON.swift */,
				F883AF1721CD98BB0002D830 /* CodableJSON.h */,
				F883AF1821CD98BB0002D830 /* Info.plist */,
			);
			path = CodableJSON;
			sourceTree = "<group>";
		};
		F883AF2121CD98BB0002D830 /* CodableJSONTests */ = {
			isa = PBXGroup;
			children = (
				F883AF3221CD997C0002D830 /* JSONTests.swift */,
				F883AF2421CD98BB0002D830 /* Info.plist */,
			);
			path = CodableJSONTests;
			sourceTree = "<group>";
		};
/* End PBXGroup section */

/* Begin PBXHeadersBuildPhase section */
		F80A6DE52243923600A7CEF0 /* Headers */ = {
			isa = PBXHeadersBuildPhase;
			buildActionMask = 2147483647;
			files = (
				F81F5606224A5B1A00375CE5 /* CodableJSON.h in Headers */,
			);
			runOnlyForDeploymentPostprocessing = 0;
		};
		F80A6E032243925600A7CEF0 /* Headers */ = {
			isa = PBXHeadersBuildPhase;
			buildActionMask = 2147483647;
			files = (
				F81F5607224A5B1B00375CE5 /* CodableJSON.h in Headers */,
			);
			runOnlyForDeploymentPostprocessing = 0;
		};
		F80A6E212243927000A7CEF0 /* Headers */ = {
			isa = PBXHeadersBuildPhase;
			buildActionMask = 2147483647;
			files = (
				F81F5608224A5B1C00375CE5 /* CodableJSON.h in Headers */,
			);
			runOnlyForDeploymentPostprocessing = 0;
		};
		F883AF0F21CD98BB0002D830 /* Headers */ = {
			isa = PBXHeadersBuildPhase;
			buildActionMask = 2147483647;
			files = (
				F883AF2521CD98BB0002D830 /* CodableJSON.h in Headers */,
			);
			runOnlyForDeploymentPostprocessing = 0;
		};
/* End PBXHeadersBuildPhase section */

/* Begin PBXNativeTarget section */
		F80A6DE92243923600A7CEF0 /* CodableJSON-iOS */ = {
			isa = PBXNativeTarget;
			buildConfigurationList = F80A6DFF2243923700A7CEF0 /* Build configuration list for PBXNativeTarget "CodableJSON-iOS" */;
			buildPhases = (
				F80A6DE52243923600A7CEF0 /* Headers */,
				F80A6DE62243923600A7CEF0 /* Sources */,
				F80A6DE72243923600A7CEF0 /* Frameworks */,
				F80A6DE82243923600A7CEF0 /* Resources */,
			);
			buildRules = (
			);
			dependencies = (
			);
			name = "CodableJSON-iOS";
			productName = "CodableJSON-iOS";
			productReference = F80A6DEA2243923600A7CEF0 /* CodableJSON.framework */;
			productType = "com.apple.product-type.framework";
		};
		F80A6DF12243923700A7CEF0 /* CodableJSON-iOSTests */ = {
			isa = PBXNativeTarget;
			buildConfigurationList = F80A6E002243923700A7CEF0 /* Build configuration list for PBXNativeTarget "CodableJSON-iOSTests" */;
			buildPhases = (
				F80A6DEE2243923700A7CEF0 /* Sources */,
				F80A6DEF2243923700A7CEF0 /* Frameworks */,
				F80A6DF02243923700A7CEF0 /* Resources */,
			);
			buildRules = (
			);
			dependencies = (
				F80A6DF52243923700A7CEF0 /* PBXTargetDependency */,
			);
			name = "CodableJSON-iOSTests";
			productName = "CodableJSON-iOSTests";
			productReference = F80A6DF22243923700A7CEF0 /* CodableJSON-iOSTests.xctest */;
			productType = "com.apple.product-type.bundle.unit-test";
		};
		F80A6E072243925600A7CEF0 /* CodableJSON-tvOS */ = {
			isa = PBXNativeTarget;
			buildConfigurationList = F80A6E192243925700A7CEF0 /* Build configuration list for PBXNativeTarget "CodableJSON-tvOS" */;
			buildPhases = (
				F80A6E032243925600A7CEF0 /* Headers */,
				F80A6E042243925600A7CEF0 /* Sources */,
				F80A6E052243925600A7CEF0 /* Frameworks */,
				F80A6E062243925600A7CEF0 /* Resources */,
			);
			buildRules = (
			);
			dependencies = (
			);
			name = "CodableJSON-tvOS";
			productName = "CodableJSON-tvOS";
			productReference = F80A6E082243925600A7CEF0 /* CodableJSON.framework */;
			productType = "com.apple.product-type.framework";
		};
		F80A6E0F2243925600A7CEF0 /* CodableJSON-tvOSTests */ = {
			isa = PBXNativeTarget;
			buildConfigurationList = F80A6E1C2243925700A7CEF0 /* Build configuration list for PBXNativeTarget "CodableJSON-tvOSTests" */;
			buildPhases = (
				F80A6E0C2243925600A7CEF0 /* Sources */,
				F80A6E0D2243925600A7CEF0 /* Frameworks */,
				F80A6E0E2243925600A7CEF0 /* Resources */,
			);
			buildRules = (
			);
			dependencies = (
				F80A6E132243925600A7CEF0 /* PBXTargetDependency */,
			);
			name = "CodableJSON-tvOSTests";
			productName = "CodableJSON-tvOSTests";
			productReference = F80A6E102243925600A7CEF0 /* CodableJSON-tvOSTests.xctest */;
			productType = "com.apple.product-type.bundle.unit-test";
		};
		F80A6E252243927000A7CEF0 /* CodableJSON-watchOS */ = {
			isa = PBXNativeTarget;
			buildConfigurationList = F80A6E2B2243927000A7CEF0 /* Build configuration list for PBXNativeTarget "CodableJSON-watchOS" */;
			buildPhases = (
				F80A6E212243927000A7CEF0 /* Headers */,
				F80A6E222243927000A7CEF0 /* Sources */,
				F80A6E232243927000A7CEF0 /* Frameworks */,
				F80A6E242243927000A7CEF0 /* Resources */,
			);
			buildRules = (
			);
			dependencies = (
			);
			name = "CodableJSON-watchOS";
			productName = "CodableJSON-watchOS";
			productReference = F80A6E262243927000A7CEF0 /* CodableJSON.framework */;
			productType = "com.apple.product-type.framework";
		};
		F883AF1321CD98BB0002D830 /* CodableJSON */ = {
			isa = PBXNativeTarget;
			buildConfigurationList = F883AF2821CD98BB0002D830 /* Build configuration list for PBXNativeTarget "CodableJSON" */;
			buildPhases = (
				F883AF0F21CD98BB0002D830 /* Headers */,
				F883AF1021CD98BB0002D830 /* Sources */,
				F883AF1121CD98BB0002D830 /* Frameworks */,
				F883AF1221CD98BB0002D830 /* Resources */,
			);
			buildRules = (
			);
			dependencies = (
			);
			name = CodableJSON;
			productName = CodableJSON;
			productReference = F883AF1421CD98BB0002D830 /* CodableJSON.framework */;
			productType = "com.apple.product-type.framework";
		};
		F883AF1C21CD98BB0002D830 /* CodableJSONTests */ = {
			isa = PBXNativeTarget;
			buildConfigurationList = F883AF2B21CD98BB0002D830 /* Build configuration list for PBXNativeTarget "CodableJSONTests" */;
			buildPhases = (
				F883AF1921CD98BB0002D830 /* Sources */,
				F883AF1A21CD98BB0002D830 /* Frameworks */,
				F883AF1B21CD98BB0002D830 /* Resources */,
			);
			buildRules = (
			);
			dependencies = (
				F883AF2021CD98BB0002D830 /* PBXTargetDependency */,
			);
			name = CodableJSONTests;
			productName = CodableJSONTests;
			productReference = F883AF1D21CD98BB0002D830 /* CodableJSONTests.xctest */;
			productType = "com.apple.product-type.bundle.unit-test";
		};
/* End PBXNativeTarget section */

/* Begin PBXProject section */
		F883AF0B21CD98BB0002D830 /* Project object */ = {
			isa = PBXProject;
			attributes = {
				LastSwiftUpdateCheck = 1010;
				LastUpgradeCheck = 1020;
				ORGANIZATIONNAME = "Guy Kogus";
				TargetAttributes = {
					F80A6DE92243923600A7CEF0 = {
						CreatedOnToolsVersion = 10.1;
						LastSwiftMigration = 1020;
					};
					F80A6DF12243923700A7CEF0 = {
						CreatedOnToolsVersion = 10.1;
						LastSwiftMigration = 1020;
					};
					F80A6E072243925600A7CEF0 = {
						CreatedOnToolsVersion = 10.1;
						LastSwiftMigration = 1020;
					};
					F80A6E0F2243925600A7CEF0 = {
						CreatedOnToolsVersion = 10.1;
						LastSwiftMigration = 1020;
					};
					F80A6E252243927000A7CEF0 = {
						CreatedOnToolsVersion = 10.1;
						LastSwiftMigration = 1020;
					};
					F883AF1321CD98BB0002D830 = {
						CreatedOnToolsVersion = 10.1;
						LastSwiftMigration = 1020;
					};
					F883AF1C21CD98BB0002D830 = {
						CreatedOnToolsVersion = 10.1;
						LastSwiftMigration = 1020;
					};
				};
			};
			buildConfigurationList = F883AF0E21CD98BB0002D830 /* Build configuration list for PBXProject "CodableJSON" */;
			compatibilityVersion = "Xcode 9.3";
			developmentRegion = en;
			hasScannedForEncodings = 0;
			knownRegions = (
				en,
				Base,
			);
			mainGroup = F883AF0A21CD98BB0002D830;
			productRefGroup = F883AF1521CD98BB0002D830 /* Products */;
			projectDirPath = "";
			projectRoot = "";
			targets = (
				F883AF1321CD98BB0002D830 /* CodableJSON */,
				F883AF1C21CD98BB0002D830 /* CodableJSONTests */,
				F80A6DE92243923600A7CEF0 /* CodableJSON-iOS */,
				F80A6DF12243923700A7CEF0 /* CodableJSON-iOSTests */,
				F80A6E072243925600A7CEF0 /* CodableJSON-tvOS */,
				F80A6E0F2243925600A7CEF0 /* CodableJSON-tvOSTests */,
				F80A6E252243927000A7CEF0 /* CodableJSON-watchOS */,
			);
		};
/* End PBXProject section */

/* Begin PBXResourcesBuildPhase section */
		F80A6DE82243923600A7CEF0 /* Resources */ = {
			isa = PBXResourcesBuildPhase;
			buildActionMask = 2147483647;
			files = (
			);
			runOnlyForDeploymentPostprocessing = 0;
		};
		F80A6DF02243923700A7CEF0 /* Resources */ = {
			isa = PBXResourcesBuildPhase;
			buildActionMask = 2147483647;
			files = (
			);
			runOnlyForDeploymentPostprocessing = 0;
		};
		F80A6E062243925600A7CEF0 /* Resources */ = {
			isa = PBXResourcesBuildPhase;
			buildActionMask = 2147483647;
			files = (
			);
			runOnlyForDeploymentPostprocessing = 0;
		};
		F80A6E0E2243925600A7CEF0 /* Resources */ = {
			isa = PBXResourcesBuildPhase;
			buildActionMask = 2147483647;
			files = (
			);
			runOnlyForDeploymentPostprocessing = 0;
		};
		F80A6E242243927000A7CEF0 /* Resources */ = {
			isa = PBXResourcesBuildPhase;
			buildActionMask = 2147483647;
			files = (
			);
			runOnlyForDeploymentPostprocessing = 0;
		};
		F883AF1221CD98BB0002D830 /* Resources */ = {
			isa = PBXResourcesBuildPhase;
			buildActionMask = 2147483647;
			files = (
			);
			runOnlyForDeploymentPostprocessing = 0;
		};
		F883AF1B21CD98BB0002D830 /* Resources */ = {
			isa = PBXResourcesBuildPhase;
			buildActionMask = 2147483647;
			files = (
			);
			runOnlyForDeploymentPostprocessing = 0;
		};
/* End PBXResourcesBuildPhase section */

/* Begin PBXSourcesBuildPhase section */
		F80A6DE62243923600A7CEF0 /* Sources */ = {
			isa = PBXSourcesBuildPhase;
			buildActionMask = 2147483647;
			files = (
				F80A6E022243924600A7CEF0 /* JSON.swift in Sources */,
			);
			runOnlyForDeploymentPostprocessing = 0;
		};
		F80A6DEE2243923700A7CEF0 /* Sources */ = {
			isa = PBXSourcesBuildPhase;
			buildActionMask = 2147483647;
			files = (
				F80A6E012243924000A7CEF0 /* JSONTests.swift in Sources */,
			);
			runOnlyForDeploymentPostprocessing = 0;
		};
		F80A6E042243925600A7CEF0 /* Sources */ = {
			isa = PBXSourcesBuildPhase;
			buildActionMask = 2147483647;
			files = (
				F80A6E202243926300A7CEF0 /* JSON.swift in Sources */,
			);
			runOnlyForDeploymentPostprocessing = 0;
		};
		F80A6E0C2243925600A7CEF0 /* Sources */ = {
			isa = PBXSourcesBuildPhase;
			buildActionMask = 2147483647;
			files = (
				F80A6E1F2243925E00A7CEF0 /* JSONTests.swift in Sources */,
			);
			runOnlyForDeploymentPostprocessing = 0;
		};
		F80A6E222243927000A7CEF0 /* Sources */ = {
			isa = PBXSourcesBuildPhase;
			buildActionMask = 2147483647;
			files = (
				F80A6E2E2243927800A7CEF0 /* JSON.swift in Sources */,
			);
			runOnlyForDeploymentPostprocessing = 0;
		};
		F883AF1021CD98BB0002D830 /* Sources */ = {
			isa = PBXSourcesBuildPhase;
			buildActionMask = 2147483647;
			files = (
				F883AF2F21CD98DE0002D830 /* JSON.swift in Sources */,
			);
			runOnlyForDeploymentPostprocessing = 0;
		};
		F883AF1921CD98BB0002D830 /* Sources */ = {
			isa = PBXSourcesBuildPhase;
			buildActionMask = 2147483647;
			files = (
				F883AF3321CD997C0002D830 /* JSONTests.swift in Sources */,
			);
			runOnlyForDeploymentPostprocessing = 0;
		};
/* End PBXSourcesBuildPhase section */

/* Begin PBXTargetDependency section */
		F80A6DF52243923700A7CEF0 /* PBXTargetDependency */ = {
			isa = PBXTargetDependency;
			target = F80A6DE92243923600A7CEF0 /* CodableJSON-iOS */;
			targetProxy = F80A6DF42243923700A7CEF0 /* PBXContainerItemProxy */;
		};
		F80A6E132243925600A7CEF0 /* PBXTargetDependency */ = {
			isa = PBXTargetDependency;
			target = F80A6E072243925600A7CEF0 /* CodableJSON-tvOS */;
			targetProxy = F80A6E122243925600A7CEF0 /* PBXContainerItemProxy */;
		};
		F883AF2021CD98BB0002D830 /* PBXTargetDependency */ = {
			isa = PBXTargetDependency;
			target = F883AF1321CD98BB0002D830 /* CodableJSON */;
			targetProxy = F883AF1F21CD98BB0002D830 /* PBXContainerItemProxy */;
		};
/* End PBXTargetDependency section */

/* Begin XCBuildConfiguration section */
		F80A6DFB2243923700A7CEF0 /* Debug */ = {
			isa = XCBuildConfiguration;
			buildSettings = {
				APPLICATION_EXTENSION_API_ONLY = YES;
				CODE_SIGN_IDENTITY = "";
				CODE_SIGN_STYLE = Automatic;
				DEFINES_MODULE = YES;
				DEVELOPMENT_TEAM = P76UMZDLW3;
				DYLIB_COMPATIBILITY_VERSION = 1;
				DYLIB_CURRENT_VERSION = 1;
				DYLIB_INSTALL_NAME_BASE = "@rpath";
				INFOPLIST_FILE = "CodableJSON-iOS/Info.plist";
				INSTALL_PATH = "$(LOCAL_LIBRARY_DIR)/Frameworks";
				LD_RUNPATH_SEARCH_PATHS = (
					"$(inherited)",
					"@executable_path/Frameworks",
					"@loader_path/Frameworks",
				);
				MARKETING_VERSION = 1.0;
				PRODUCT_BUNDLE_IDENTIFIER = "com.kogus.CodableJSON-iOS";
				PRODUCT_NAME = CodableJSON;
				SDKROOT = iphoneos;
				SKIP_INSTALL = YES;
				SWIFT_VERSION = 5.0;
				TARGETED_DEVICE_FAMILY = "1,2";
			};
			name = Debug;
		};
		F80A6DFC2243923700A7CEF0 /* Release */ = {
			isa = XCBuildConfiguration;
			buildSettings = {
				APPLICATION_EXTENSION_API_ONLY = YES;
				CODE_SIGN_IDENTITY = "";
				CODE_SIGN_STYLE = Automatic;
				DEFINES_MODULE = YES;
				DEVELOPMENT_TEAM = P76UMZDLW3;
				DYLIB_COMPATIBILITY_VERSION = 1;
				DYLIB_CURRENT_VERSION = 1;
				DYLIB_INSTALL_NAME_BASE = "@rpath";
				INFOPLIST_FILE = "CodableJSON-iOS/Info.plist";
				INSTALL_PATH = "$(LOCAL_LIBRARY_DIR)/Frameworks";
				LD_RUNPATH_SEARCH_PATHS = (
					"$(inherited)",
					"@executable_path/Frameworks",
					"@loader_path/Frameworks",
				);
				MARKETING_VERSION = 1.0;
				PRODUCT_BUNDLE_IDENTIFIER = "com.kogus.CodableJSON-iOS";
				PRODUCT_NAME = CodableJSON;
				SDKROOT = iphoneos;
				SKIP_INSTALL = YES;
				SWIFT_VERSION = 5.0;
				TARGETED_DEVICE_FAMILY = "1,2";
				VALIDATE_PRODUCT = YES;
			};
			name = Release;
		};
		F80A6DFD2243923700A7CEF0 /* Debug */ = {
			isa = XCBuildConfiguration;
			buildSettings = {
				ALWAYS_EMBED_SWIFT_STANDARD_LIBRARIES = YES;
				CODE_SIGN_IDENTITY = "iPhone Developer";
				CODE_SIGN_STYLE = Automatic;
				DEVELOPMENT_TEAM = P76UMZDLW3;
				INFOPLIST_FILE = "CodableJSON-iOSTests/Info.plist";
				IPHONEOS_DEPLOYMENT_TARGET = 12.1;
				LD_RUNPATH_SEARCH_PATHS = (
					"$(inherited)",
					"@executable_path/Frameworks",
					"@loader_path/Frameworks",
				);
				PRODUCT_BUNDLE_IDENTIFIER = "com.kogus.CodableJSON-iOSTests";
				PRODUCT_NAME = "$(TARGET_NAME)";
				SDKROOT = iphoneos;
				SWIFT_VERSION = 5.0;
				TARGETED_DEVICE_FAMILY = "1,2";
			};
			name = Debug;
		};
		F80A6DFE2243923700A7CEF0 /* Release */ = {
			isa = XCBuildConfiguration;
			buildSettings = {
				ALWAYS_EMBED_SWIFT_STANDARD_LIBRARIES = YES;
				CODE_SIGN_IDENTITY = "iPhone Developer";
				CODE_SIGN_STYLE = Automatic;
				DEVELOPMENT_TEAM = P76UMZDLW3;
				INFOPLIST_FILE = "CodableJSON-iOSTests/Info.plist";
				IPHONEOS_DEPLOYMENT_TARGET = 12.1;
				LD_RUNPATH_SEARCH_PATHS = (
					"$(inherited)",
					"@executable_path/Frameworks",
					"@loader_path/Frameworks",
				);
				PRODUCT_BUNDLE_IDENTIFIER = "com.kogus.CodableJSON-iOSTests";
				PRODUCT_NAME = "$(TARGET_NAME)";
				SDKROOT = iphoneos;
				SWIFT_VERSION = 5.0;
				TARGETED_DEVICE_FAMILY = "1,2";
				VALIDATE_PRODUCT = YES;
			};
			name = Release;
		};
		F80A6E1A2243925700A7CEF0 /* Debug */ = {
			isa = XCBuildConfiguration;
			buildSettings = {
				APPLICATION_EXTENSION_API_ONLY = YES;
				CODE_SIGN_IDENTITY = "";
				CODE_SIGN_STYLE = Automatic;
				DEFINES_MODULE = YES;
				DEVELOPMENT_TEAM = P76UMZDLW3;
				DYLIB_COMPATIBILITY_VERSION = 1;
				DYLIB_CURRENT_VERSION = 1;
				DYLIB_INSTALL_NAME_BASE = "@rpath";
				INFOPLIST_FILE = "CodableJSON-tvOS/Info.plist";
				INSTALL_PATH = "$(LOCAL_LIBRARY_DIR)/Frameworks";
				LD_RUNPATH_SEARCH_PATHS = (
					"$(inherited)",
					"@executable_path/Frameworks",
					"@loader_path/Frameworks",
				);
				MARKETING_VERSION = 1.0;
				PRODUCT_BUNDLE_IDENTIFIER = "com.kogus.CodableJSON-tvOS";
				PRODUCT_NAME = CodableJSON;
				SDKROOT = appletvos;
				SKIP_INSTALL = YES;
				SWIFT_VERSION = 5.0;
				TARGETED_DEVICE_FAMILY = 3;
			};
			name = Debug;
		};
		F80A6E1B2243925700A7CEF0 /* Release */ = {
			isa = XCBuildConfiguration;
			buildSettings = {
				APPLICATION_EXTENSION_API_ONLY = YES;
				CODE_SIGN_IDENTITY = "";
				CODE_SIGN_STYLE = Automatic;
				DEFINES_MODULE = YES;
				DEVELOPMENT_TEAM = P76UMZDLW3;
				DYLIB_COMPATIBILITY_VERSION = 1;
				DYLIB_CURRENT_VERSION = 1;
				DYLIB_INSTALL_NAME_BASE = "@rpath";
				INFOPLIST_FILE = "CodableJSON-tvOS/Info.plist";
				INSTALL_PATH = "$(LOCAL_LIBRARY_DIR)/Frameworks";
				LD_RUNPATH_SEARCH_PATHS = (
					"$(inherited)",
					"@executable_path/Frameworks",
					"@loader_path/Frameworks",
				);
				MARKETING_VERSION = 1.0;
				PRODUCT_BUNDLE_IDENTIFIER = "com.kogus.CodableJSON-tvOS";
				PRODUCT_NAME = CodableJSON;
				SDKROOT = appletvos;
				SKIP_INSTALL = YES;
				SWIFT_VERSION = 5.0;
				TARGETED_DEVICE_FAMILY = 3;
				VALIDATE_PRODUCT = YES;
			};
			name = Release;
		};
		F80A6E1D2243925700A7CEF0 /* Debug */ = {
			isa = XCBuildConfiguration;
			buildSettings = {
				ALWAYS_EMBED_SWIFT_STANDARD_LIBRARIES = YES;
				CODE_SIGN_STYLE = Automatic;
				DEVELOPMENT_TEAM = P76UMZDLW3;
				INFOPLIST_FILE = "CodableJSON-tvOSTests/Info.plist";
				LD_RUNPATH_SEARCH_PATHS = (
					"$(inherited)",
					"@executable_path/Frameworks",
					"@loader_path/Frameworks",
				);
				PRODUCT_BUNDLE_IDENTIFIER = "com.kogus.CodableJSON-tvOSTests";
				PRODUCT_NAME = "$(TARGET_NAME)";
				SDKROOT = appletvos;
				SWIFT_VERSION = 5.0;
				TARGETED_DEVICE_FAMILY = 3;
				TVOS_DEPLOYMENT_TARGET = 12.1;
			};
			name = Debug;
		};
		F80A6E1E2243925700A7CEF0 /* Release */ = {
			isa = XCBuildConfiguration;
			buildSettings = {
				ALWAYS_EMBED_SWIFT_STANDARD_LIBRARIES = YES;
				CODE_SIGN_STYLE = Automatic;
				DEVELOPMENT_TEAM = P76UMZDLW3;
				INFOPLIST_FILE = "CodableJSON-tvOSTests/Info.plist";
				LD_RUNPATH_SEARCH_PATHS = (
					"$(inherited)",
					"@executable_path/Frameworks",
					"@loader_path/Frameworks",
				);
				PRODUCT_BUNDLE_IDENTIFIER = "com.kogus.CodableJSON-tvOSTests";
				PRODUCT_NAME = "$(TARGET_NAME)";
				SDKROOT = appletvos;
				SWIFT_VERSION = 5.0;
				TARGETED_DEVICE_FAMILY = 3;
				TVOS_DEPLOYMENT_TARGET = 12.1;
				VALIDATE_PRODUCT = YES;
			};
			name = Release;
		};
		F80A6E2C2243927000A7CEF0 /* Debug */ = {
			isa = XCBuildConfiguration;
			buildSettings = {
				APPLICATION_EXTENSION_API_ONLY = YES;
				CODE_SIGN_IDENTITY = "";
				CODE_SIGN_STYLE = Automatic;
				DEFINES_MODULE = YES;
				DEVELOPMENT_TEAM = P76UMZDLW3;
				DYLIB_COMPATIBILITY_VERSION = 1;
				DYLIB_CURRENT_VERSION = 1;
				DYLIB_INSTALL_NAME_BASE = "@rpath";
				INFOPLIST_FILE = "CodableJSON-watchOS/Info.plist";
				INSTALL_PATH = "$(LOCAL_LIBRARY_DIR)/Frameworks";
				LD_RUNPATH_SEARCH_PATHS = (
					"$(inherited)",
					"@executable_path/Frameworks",
					"@loader_path/Frameworks",
				);
				MARKETING_VERSION = 1.0;
				PRODUCT_BUNDLE_IDENTIFIER = "com.kogus.CodableJSON-watchOS";
				PRODUCT_NAME = CodableJSON;
				SDKROOT = watchos;
				SKIP_INSTALL = YES;
				SWIFT_VERSION = 5.0;
				TARGETED_DEVICE_FAMILY = 4;
			};
			name = Debug;
		};
		F80A6E2D2243927000A7CEF0 /* Release */ = {
			isa = XCBuildConfiguration;
			buildSettings = {
				APPLICATION_EXTENSION_API_ONLY = YES;
				CODE_SIGN_IDENTITY = "";
				CODE_SIGN_STYLE = Automatic;
				DEFINES_MODULE = YES;
				DEVELOPMENT_TEAM = P76UMZDLW3;
				DYLIB_COMPATIBILITY_VERSION = 1;
				DYLIB_CURRENT_VERSION = 1;
				DYLIB_INSTALL_NAME_BASE = "@rpath";
				INFOPLIST_FILE = "CodableJSON-watchOS/Info.plist";
				INSTALL_PATH = "$(LOCAL_LIBRARY_DIR)/Frameworks";
				LD_RUNPATH_SEARCH_PATHS = (
					"$(inherited)",
					"@executable_path/Frameworks",
					"@loader_path/Frameworks",
				);
				MARKETING_VERSION = 1.0;
				PRODUCT_BUNDLE_IDENTIFIER = "com.kogus.CodableJSON-watchOS";
				PRODUCT_NAME = CodableJSON;
				SDKROOT = watchos;
				SKIP_INSTALL = YES;
				SWIFT_VERSION = 5.0;
				TARGETED_DEVICE_FAMILY = 4;
				VALIDATE_PRODUCT = YES;
			};
			name = Release;
		};
		F883AF2621CD98BB0002D830 /* Debug */ = {
			isa = XCBuildConfiguration;
			buildSettings = {
				ALWAYS_SEARCH_USER_PATHS = NO;
				CLANG_ANALYZER_NONNULL = YES;
				CLANG_ANALYZER_NUMBER_OBJECT_CONVERSION = YES_AGGRESSIVE;
				CLANG_CXX_LANGUAGE_STANDARD = "gnu++14";
				CLANG_CXX_LIBRARY = "libc++";
				CLANG_ENABLE_MODULES = YES;
				CLANG_ENABLE_OBJC_ARC = YES;
				CLANG_ENABLE_OBJC_WEAK = YES;
				CLANG_WARN_BLOCK_CAPTURE_AUTORELEASING = YES;
				CLANG_WARN_BOOL_CONVERSION = YES;
				CLANG_WARN_COMMA = YES;
				CLANG_WARN_CONSTANT_CONVERSION = YES;
				CLANG_WARN_DEPRECATED_OBJC_IMPLEMENTATIONS = YES;
				CLANG_WARN_DIRECT_OBJC_ISA_USAGE = YES_ERROR;
				CLANG_WARN_DOCUMENTATION_COMMENTS = YES;
				CLANG_WARN_EMPTY_BODY = YES;
				CLANG_WARN_ENUM_CONVERSION = YES;
				CLANG_WARN_INFINITE_RECURSION = YES;
				CLANG_WARN_INT_CONVERSION = YES;
				CLANG_WARN_NON_LITERAL_NULL_CONVERSION = YES;
				CLANG_WARN_OBJC_IMPLICIT_RETAIN_SELF = YES;
				CLANG_WARN_OBJC_LITERAL_CONVERSION = YES;
				CLANG_WARN_OBJC_ROOT_CLASS = YES_ERROR;
				CLANG_WARN_RANGE_LOOP_ANALYSIS = YES;
				CLANG_WARN_STRICT_PROTOTYPES = YES;
				CLANG_WARN_SUSPICIOUS_MOVE = YES;
				CLANG_WARN_UNGUARDED_AVAILABILITY = YES_AGGRESSIVE;
				CLANG_WARN_UNREACHABLE_CODE = YES;
				CLANG_WARN__DUPLICATE_METHOD_MATCH = YES;
				CODE_SIGN_IDENTITY = "-";
				COPY_PHASE_STRIP = NO;
				CURRENT_PROJECT_VERSION = 1;
				DEBUG_INFORMATION_FORMAT = dwarf;
				ENABLE_STRICT_OBJC_MSGSEND = YES;
				ENABLE_TESTABILITY = YES;
				GCC_C_LANGUAGE_STANDARD = gnu11;
				GCC_DYNAMIC_NO_PIC = NO;
				GCC_NO_COMMON_BLOCKS = YES;
				GCC_OPTIMIZATION_LEVEL = 0;
				GCC_PREPROCESSOR_DEFINITIONS = (
					"DEBUG=1",
					"$(inherited)",
				);
				GCC_WARN_64_TO_32_BIT_CONVERSION = YES;
				GCC_WARN_ABOUT_RETURN_TYPE = YES_ERROR;
				GCC_WARN_UNDECLARED_SELECTOR = YES;
				GCC_WARN_UNINITIALIZED_AUTOS = YES_AGGRESSIVE;
				GCC_WARN_UNUSED_FUNCTION = YES;
				GCC_WARN_UNUSED_VARIABLE = YES;
				IPHONEOS_DEPLOYMENT_TARGET = 8.0;
				MACOSX_DEPLOYMENT_TARGET = 10.9;
				MTL_ENABLE_DEBUG_INFO = INCLUDE_SOURCE;
				MTL_FAST_MATH = YES;
				ONLY_ACTIVE_ARCH = YES;
				SDKROOT = macosx;
				SWIFT_ACTIVE_COMPILATION_CONDITIONS = DEBUG;
				SWIFT_OPTIMIZATION_LEVEL = "-Onone";
				TVOS_DEPLOYMENT_TARGET = 9.0;
				VERSIONING_SYSTEM = "apple-generic";
				VERSION_INFO_PREFIX = "";
				WATCHOS_DEPLOYMENT_TARGET = 2.0;
			};
			name = Debug;
		};
		F883AF2721CD98BB0002D830 /* Release */ = {
			isa = XCBuildConfiguration;
			buildSettings = {
				ALWAYS_SEARCH_USER_PATHS = NO;
				CLANG_ANALYZER_NONNULL = YES;
				CLANG_ANALYZER_NUMBER_OBJECT_CONVERSION = YES_AGGRESSIVE;
				CLANG_CXX_LANGUAGE_STANDARD = "gnu++14";
				CLANG_CXX_LIBRARY = "libc++";
				CLANG_ENABLE_MODULES = YES;
				CLANG_ENABLE_OBJC_ARC = YES;
				CLANG_ENABLE_OBJC_WEAK = YES;
				CLANG_WARN_BLOCK_CAPTURE_AUTORELEASING = YES;
				CLANG_WARN_BOOL_CONVERSION = YES;
				CLANG_WARN_COMMA = YES;
				CLANG_WARN_CONSTANT_CONVERSION = YES;
				CLANG_WARN_DEPRECATED_OBJC_IMPLEMENTATIONS = YES;
				CLANG_WARN_DIRECT_OBJC_ISA_USAGE = YES_ERROR;
				CLANG_WARN_DOCUMENTATION_COMMENTS = YES;
				CLANG_WARN_EMPTY_BODY = YES;
				CLANG_WARN_ENUM_CONVERSION = YES;
				CLANG_WARN_INFINITE_RECURSION = YES;
				CLANG_WARN_INT_CONVERSION = YES;
				CLANG_WARN_NON_LITERAL_NULL_CONVERSION = YES;
				CLANG_WARN_OBJC_IMPLICIT_RETAIN_SELF = YES;
				CLANG_WARN_OBJC_LITERAL_CONVERSION = YES;
				CLANG_WARN_OBJC_ROOT_CLASS = YES_ERROR;
				CLANG_WARN_RANGE_LOOP_ANALYSIS = YES;
				CLANG_WARN_STRICT_PROTOTYPES = YES;
				CLANG_WARN_SUSPICIOUS_MOVE = YES;
				CLANG_WARN_UNGUARDED_AVAILABILITY = YES_AGGRESSIVE;
				CLANG_WARN_UNREACHABLE_CODE = YES;
				CLANG_WARN__DUPLICATE_METHOD_MATCH = YES;
				CODE_SIGN_IDENTITY = "-";
				COPY_PHASE_STRIP = NO;
				CURRENT_PROJECT_VERSION = 1;
				DEBUG_INFORMATION_FORMAT = "dwarf-with-dsym";
				ENABLE_NS_ASSERTIONS = NO;
				ENABLE_STRICT_OBJC_MSGSEND = YES;
				GCC_C_LANGUAGE_STANDARD = gnu11;
				GCC_NO_COMMON_BLOCKS = YES;
				GCC_WARN_64_TO_32_BIT_CONVERSION = YES;
				GCC_WARN_ABOUT_RETURN_TYPE = YES_ERROR;
				GCC_WARN_UNDECLARED_SELECTOR = YES;
				GCC_WARN_UNINITIALIZED_AUTOS = YES_AGGRESSIVE;
				GCC_WARN_UNUSED_FUNCTION = YES;
				GCC_WARN_UNUSED_VARIABLE = YES;
				IPHONEOS_DEPLOYMENT_TARGET = 8.0;
				MACOSX_DEPLOYMENT_TARGET = 10.9;
				MTL_ENABLE_DEBUG_INFO = NO;
				MTL_FAST_MATH = YES;
				SDKROOT = macosx;
				SWIFT_COMPILATION_MODE = wholemodule;
				SWIFT_OPTIMIZATION_LEVEL = "-O";
				TVOS_DEPLOYMENT_TARGET = 9.0;
				VERSIONING_SYSTEM = "apple-generic";
				VERSION_INFO_PREFIX = "";
				WATCHOS_DEPLOYMENT_TARGET = 2.0;
			};
			name = Release;
		};
		F883AF2921CD98BB0002D830 /* Debug */ = {
			isa = XCBuildConfiguration;
			buildSettings = {
				APPLICATION_EXTENSION_API_ONLY = YES;
				CLANG_ENABLE_MODULES = YES;
				CODE_SIGN_IDENTITY = "";
				CODE_SIGN_STYLE = Automatic;
				COMBINE_HIDPI_IMAGES = YES;
				DEFINES_MODULE = YES;
				DYLIB_COMPATIBILITY_VERSION = 1;
				DYLIB_CURRENT_VERSION = 1;
				DYLIB_INSTALL_NAME_BASE = "@rpath";
				FRAMEWORK_VERSION = A;
				INFOPLIST_FILE = CodableJSON/Info.plist;
				INSTALL_PATH = "$(LOCAL_LIBRARY_DIR)/Frameworks";
				LD_RUNPATH_SEARCH_PATHS = (
					"$(inherited)",
					"@executable_path/../Frameworks",
					"@loader_path/Frameworks",
				);
				MARKETING_VERSION = 1.0;
				PRODUCT_BUNDLE_IDENTIFIER = com.kogus.CodableJSON;
				PRODUCT_NAME = "$(TARGET_NAME:c99extidentifier)";
				SKIP_INSTALL = YES;
				SWIFT_OPTIMIZATION_LEVEL = "-Onone";
				SWIFT_VERSION = 5.0;
			};
			name = Debug;
		};
		F883AF2A21CD98BB0002D830 /* Release */ = {
			isa = XCBuildConfiguration;
			buildSettings = {
				APPLICATION_EXTENSION_API_ONLY = YES;
				CLANG_ENABLE_MODULES = YES;
				CODE_SIGN_IDENTITY = "";
				CODE_SIGN_STYLE = Automatic;
				COMBINE_HIDPI_IMAGES = YES;
				DEFINES_MODULE = YES;
				DYLIB_COMPATIBILITY_VERSION = 1;
				DYLIB_CURRENT_VERSION = 1;
				DYLIB_INSTALL_NAME_BASE = "@rpath";
				FRAMEWORK_VERSION = A;
				INFOPLIST_FILE = CodableJSON/Info.plist;
				INSTALL_PATH = "$(LOCAL_LIBRARY_DIR)/Frameworks";
				LD_RUNPATH_SEARCH_PATHS = (
					"$(inherited)",
					"@executable_path/../Frameworks",
					"@loader_path/Frameworks",
				);
				MARKETING_VERSION = 1.0;
				PRODUCT_BUNDLE_IDENTIFIER = com.kogus.CodableJSON;
				PRODUCT_NAME = "$(TARGET_NAME:c99extidentifier)";
				SKIP_INSTALL = YES;
				SWIFT_VERSION = 5.0;
			};
			name = Release;
		};
		F883AF2C21CD98BB0002D830 /* Debug */ = {
			isa = XCBuildConfiguration;
			buildSettings = {
				ALWAYS_EMBED_SWIFT_STANDARD_LIBRARIES = YES;
				CODE_SIGN_STYLE = Automatic;
				COMBINE_HIDPI_IMAGES = YES;
				INFOPLIST_FILE = CodableJSONTests/Info.plist;
				LD_RUNPATH_SEARCH_PATHS = (
					"$(inherited)",
					"@executable_path/../Frameworks",
					"@loader_path/../Frameworks",
				);
				MACOSX_DEPLOYMENT_TARGET = 10.13;
				PRODUCT_BUNDLE_IDENTIFIER = com.kogus.CodableJSONTests;
				PRODUCT_NAME = "$(TARGET_NAME)";
				SWIFT_VERSION = 5.0;
			};
			name = Debug;
		};
		F883AF2D21CD98BB0002D830 /* Release */ = {
			isa = XCBuildConfiguration;
			buildSettings = {
				ALWAYS_EMBED_SWIFT_STANDARD_LIBRARIES = YES;
				CODE_SIGN_STYLE = Automatic;
				COMBINE_HIDPI_IMAGES = YES;
				INFOPLIST_FILE = CodableJSONTests/Info.plist;
				LD_RUNPATH_SEARCH_PATHS = (
					"$(inherited)",
					"@executable_path/../Frameworks",
					"@loader_path/../Frameworks",
				);
				MACOSX_DEPLOYMENT_TARGET = 10.13;
				PRODUCT_BUNDLE_IDENTIFIER = com.kogus.CodableJSONTests;
				PRODUCT_NAME = "$(TARGET_NAME)";
				SWIFT_VERSION = 5.0;
			};
			name = Release;
		};
/* End XCBuildConfiguration section */

/* Begin XCConfigurationList section */
		F80A6DFF2243923700A7CEF0 /* Build configuration list for PBXNativeTarget "CodableJSON-iOS" */ = {
			isa = XCConfigurationList;
			buildConfigurations = (
				F80A6DFB2243923700A7CEF0 /* Debug */,
				F80A6DFC2243923700A7CEF0 /* Release */,
			);
			defaultConfigurationIsVisible = 0;
			defaultConfigurationName = Release;
		};
		F80A6E002243923700A7CEF0 /* Build configuration list for PBXNativeTarget "CodableJSON-iOSTests" */ = {
			isa = XCConfigurationList;
			buildConfigurations = (
				F80A6DFD2243923700A7CEF0 /* Debug */,
				F80A6DFE2243923700A7CEF0 /* Release */,
			);
			defaultConfigurationIsVisible = 0;
			defaultConfigurationName = Release;
		};
		F80A6E192243925700A7CEF0 /* Build configuration list for PBXNativeTarget "CodableJSON-tvOS" */ = {
			isa = XCConfigurationList;
			buildConfigurations = (
				F80A6E1A2243925700A7CEF0 /* Debug */,
				F80A6E1B2243925700A7CEF0 /* Release */,
			);
			defaultConfigurationIsVisible = 0;
			defaultConfigurationName = Release;
		};
		F80A6E1C2243925700A7CEF0 /* Build configuration list for PBXNativeTarget "CodableJSON-tvOSTests" */ = {
			isa = XCConfigurationList;
			buildConfigurations = (
				F80A6E1D2243925700A7CEF0 /* Debug */,
				F80A6E1E2243925700A7CEF0 /* Release */,
			);
			defaultConfigurationIsVisible = 0;
			defaultConfigurationName = Release;
		};
		F80A6E2B2243927000A7CEF0 /* Build configuration list for PBXNativeTarget "CodableJSON-watchOS" */ = {
			isa = XCConfigurationList;
			buildConfigurations = (
				F80A6E2C2243927000A7CEF0 /* Debug */,
				F80A6E2D2243927000A7CEF0 /* Release */,
			);
			defaultConfigurationIsVisible = 0;
			defaultConfigurationName = Release;
		};
		F883AF0E21CD98BB0002D830 /* Build configuration list for PBXProject "CodableJSON" */ = {
			isa = XCConfigurationList;
			buildConfigurations = (
				F883AF2621CD98BB0002D830 /* Debug */,
				F883AF2721CD98BB0002D830 /* Release */,
			);
			defaultConfigurationIsVisible = 0;
			defaultConfigurationName = Release;
		};
		F883AF2821CD98BB0002D830 /* Build configuration list for PBXNativeTarget "CodableJSON" */ = {
			isa = XCConfigurationList;
			buildConfigurations = (
				F883AF2921CD98BB0002D830 /* Debug */,
				F883AF2A21CD98BB0002D830 /* Release */,
			);
			defaultConfigurationIsVisible = 0;
			defaultConfigurationName = Release;
		};
		F883AF2B21CD98BB0002D830 /* Build configuration list for PBXNativeTarget "CodableJSONTests" */ = {
			isa = XCConfigurationList;
			buildConfigurations = (
				F883AF2C21CD98BB0002D830 /* Debug */,
				F883AF2D21CD98BB0002D830 /* Release */,
			);
			defaultConfigurationIsVisible = 0;
			defaultConfigurationName = Release;
		};
/* End XCConfigurationList section */
	};
	rootObject = F883AF0B21CD98BB0002D830 /* Project object */;
}
